// !$*UTF8*$!
{
	archiveVersion = 1;
	classes = {
	};
	objectVersion = 50;
	objects = {

/* Begin PBXBuildFile section */
		CF5A5CEC2389BD3E004FF1AE /* komodo network.swift in Sources */ = {isa = PBXBuildFile; fileRef = CF5A5CEB2389BD3E004FF1AE /* komodo network.swift */; };
		CF5A5CEE2389C21E004FF1AE /* address.swift in Sources */ = {isa = PBXBuildFile; fileRef = CF5A5CED2389C21E004FF1AE /* address.swift */; };
		CF5A5CF02389C33B004FF1AE /* blockchain.swift in Sources */ = {isa = PBXBuildFile; fileRef = CF5A5CEF2389C33B004FF1AE /* blockchain.swift */; };
		CF5A5CF22389C6FF004FF1AE /* ccLib.swift in Sources */ = {isa = PBXBuildFile; fileRef = CF5A5CF12389C6FF004FF1AE /* ccLib.swift */; };
		CF5A5CF42389C81A004FF1AE /* control.swift in Sources */ = {isa = PBXBuildFile; fileRef = CF5A5CF32389C81A004FF1AE /* control.swift */; };
		CF5A5CF62389C8B4004FF1AE /* cross chain api.swift in Sources */ = {isa = PBXBuildFile; fileRef = CF5A5CF52389C8B4004FF1AE /* cross chain api.swift */; };
		CF5A5CF82389C8EB004FF1AE /* generate.swift in Sources */ = {isa = PBXBuildFile; fileRef = CF5A5CF72389C8EB004FF1AE /* generate.swift */; };
		CF5A5CFA2389C97C004FF1AE /* mining.swift in Sources */ = {isa = PBXBuildFile; fileRef = CF5A5CF92389C97C004FF1AE /* mining.swift */; };
		CF5A5CFC2389CADC004FF1AE /* raw transactions.swift in Sources */ = {isa = PBXBuildFile; fileRef = CF5A5CFB2389CADC004FF1AE /* raw transactions.swift */; };
		CF5A5CFE2389CC11004FF1AE /* util.swift in Sources */ = {isa = PBXBuildFile; fileRef = CF5A5CFD2389CC11004FF1AE /* util.swift */; };
		CF5A5D002389CDBB004FF1AE /* wallet.swift in Sources */ = {isa = PBXBuildFile; fileRef = CF5A5CFF2389CDBB004FF1AE /* wallet.swift */; };
		CFC98AF023874DF100226A99 /* main.swift in Sources */ = {isa = PBXBuildFile; fileRef = CFC98AEF23874DF100226A99 /* main.swift */; };
		CFC98AF723874E1900226A99 /* komodo.swift in Sources */ = {isa = PBXBuildFile; fileRef = CFC98AF623874E1900226A99 /* komodo.swift */; };
		CFC98AF92387524000226A99 /* curl.swift in Sources */ = {isa = PBXBuildFile; fileRef = CFC98AF82387524000226A99 /* curl.swift */; };
		CFF6D3F22389B3CD00F48927 /* configuration.swift in Sources */ = {isa = PBXBuildFile; fileRef = CFF6D3F12389B3CD00F48927 /* configuration.swift */; };
/* End PBXBuildFile section */

/* Begin PBXCopyFilesBuildPhase section */
		CFC98AEA23874DF100226A99 /* CopyFiles */ = {
			isa = PBXCopyFilesBuildPhase;
			buildActionMask = 2147483647;
			dstPath = /usr/share/man/man1/;
			dstSubfolderSpec = 0;
			files = (
			);
			runOnlyForDeploymentPostprocessing = 1;
		};
/* End PBXCopyFilesBuildPhase section */

/* Begin PBXFileReference section */
		CF5A5CEB2389BD3E004FF1AE /* komodo network.swift */ = {isa = PBXFileReference; lastKnownFileType = sourcecode.swift; path = "komodo network.swift"; sourceTree = "<group>"; };
		CF5A5CED2389C21E004FF1AE /* address.swift */ = {isa = PBXFileReference; lastKnownFileType = sourcecode.swift; path = address.swift; sourceTree = "<group>"; };
		CF5A5CEF2389C33B004FF1AE /* blockchain.swift */ = {isa = PBXFileReference; lastKnownFileType = sourcecode.swift; path = blockchain.swift; sourceTree = "<group>"; };
		CF5A5CF12389C6FF004FF1AE /* ccLib.swift */ = {isa = PBXFileReference; lastKnownFileType = sourcecode.swift; path = ccLib.swift; sourceTree = "<group>"; };
		CF5A5CF32389C81A004FF1AE /* control.swift */ = {isa = PBXFileReference; lastKnownFileType = sourcecode.swift; path = control.swift; sourceTree = "<group>"; };
		CF5A5CF52389C8B4004FF1AE /* cross chain api.swift */ = {isa = PBXFileReference; lastKnownFileType = sourcecode.swift; path = "cross chain api.swift"; sourceTree = "<group>"; };
		CF5A5CF72389C8EB004FF1AE /* generate.swift */ = {isa = PBXFileReference; lastKnownFileType = sourcecode.swift; path = generate.swift; sourceTree = "<group>"; };
		CF5A5CF92389C97C004FF1AE /* mining.swift */ = {isa = PBXFileReference; lastKnownFileType = sourcecode.swift; path = mining.swift; sourceTree = "<group>"; };
		CF5A5CFB2389CADC004FF1AE /* raw transactions.swift */ = {isa = PBXFileReference; lastKnownFileType = sourcecode.swift; path = "raw transactions.swift"; sourceTree = "<group>"; };
		CF5A5CFD2389CC11004FF1AE /* util.swift */ = {isa = PBXFileReference; lastKnownFileType = sourcecode.swift; path = util.swift; sourceTree = "<group>"; };
		CF5A5CFF2389CDBB004FF1AE /* wallet.swift */ = {isa = PBXFileReference; lastKnownFileType = sourcecode.swift; path = wallet.swift; sourceTree = "<group>"; };
		CFC98AEC23874DF100226A99 /* Komodo */ = {isa = PBXFileReference; explicitFileType = "compiled.mach-o.executable"; includeInIndex = 0; path = Komodo; sourceTree = BUILT_PRODUCTS_DIR; };
		CFC98AEF23874DF100226A99 /* main.swift */ = {isa = PBXFileReference; lastKnownFileType = sourcecode.swift; path = main.swift; sourceTree = "<group>"; };
		CFC98AF623874E1900226A99 /* komodo.swift */ = {isa = PBXFileReference; lastKnownFileType = sourcecode.swift; path = komodo.swift; sourceTree = "<group>"; };
		CFC98AF82387524000226A99 /* curl.swift */ = {isa = PBXFileReference; lastKnownFileType = sourcecode.swift; path = curl.swift; sourceTree = "<group>"; };
		CFF6D3F12389B3CD00F48927 /* configuration.swift */ = {isa = PBXFileReference; lastKnownFileType = sourcecode.swift; path = configuration.swift; sourceTree = "<group>"; };
/* End PBXFileReference section */

/* Begin PBXFrameworksBuildPhase section */
		CFC98AE923874DF100226A99 /* Frameworks */ = {
			isa = PBXFrameworksBuildPhase;
			buildActionMask = 2147483647;
			files = (
			);
			runOnlyForDeploymentPostprocessing = 0;
		};
/* End PBXFrameworksBuildPhase section */

/* Begin PBXGroup section */
		CFC98AE323874DF100226A99 = {
			isa = PBXGroup;
			children = (
				CFC98AEE23874DF100226A99 /* Komodo */,
				CFC98AED23874DF100226A99 /* Products */,
			);
			sourceTree = "<group>";
		};
		CFC98AED23874DF100226A99 /* Products */ = {
			isa = PBXGroup;
			children = (
				CFC98AEC23874DF100226A99 /* Komodo */,
			);
			name = Products;
			sourceTree = "<group>";
		};
		CFC98AEE23874DF100226A99 /* Komodo */ = {
			isa = PBXGroup;
			children = (
				CF5A5CF12389C6FF004FF1AE /* ccLib.swift */,
				CFC98AEF23874DF100226A99 /* main.swift */,
				CFC98AF623874E1900226A99 /* komodo.swift */,
				CFC98AF82387524000226A99 /* curl.swift */,
				CF5A5CF92389C97C004FF1AE /* mining.swift */,
				CFF6D3F12389B3CD00F48927 /* configuration.swift */,
				CF5A5CEB2389BD3E004FF1AE /* komodo network.swift */,
				CF5A5CF52389C8B4004FF1AE /* cross chain api.swift */,
				CF5A5CFB2389CADC004FF1AE /* raw transactions.swift */,
				CF5A5CED2389C21E004FF1AE /* address.swift */,
				CF5A5CFD2389CC11004FF1AE /* util.swift */,
				CF5A5CFF2389CDBB004FF1AE /* wallet.swift */,
				CF5A5CF32389C81A004FF1AE /* control.swift */,
				CF5A5CF72389C8EB004FF1AE /* generate.swift */,
				CF5A5CEF2389C33B004FF1AE /* blockchain.swift */,
			);
			path = Komodo;
			sourceTree = "<group>";
		};
/* End PBXGroup section */

/* Begin PBXNativeTarget section */
		CFC98AEB23874DF100226A99 /* Komodo */ = {
			isa = PBXNativeTarget;
			buildConfigurationList = CFC98AF323874DF100226A99 /* Build configuration list for PBXNativeTarget "Komodo" */;
			buildPhases = (
				CFC98AE823874DF100226A99 /* Sources */,
				CFC98AE923874DF100226A99 /* Frameworks */,
				CFC98AEA23874DF100226A99 /* CopyFiles */,
			);
			buildRules = (
			);
			dependencies = (
			);
			name = Komodo;
			productName = Komodo;
			productReference = CFC98AEC23874DF100226A99 /* Komodo */;
			productType = "com.apple.product-type.tool";
		};
/* End PBXNativeTarget section */

/* Begin PBXProject section */
		CFC98AE423874DF100226A99 /* Project object */ = {
			isa = PBXProject;
			attributes = {
				LastSwiftUpdateCheck = 1120;
				LastUpgradeCheck = 1120;
				ORGANIZATIONNAME = "Ashwin Balasubramanian";
				TargetAttributes = {
					CFC98AEB23874DF100226A99 = {
						CreatedOnToolsVersion = 11.2.1;
					};
				};
			};
			buildConfigurationList = CFC98AE723874DF100226A99 /* Build configuration list for PBXProject "Komodo" */;
			compatibilityVersion = "Xcode 9.3";
			developmentRegion = en;
			hasScannedForEncodings = 0;
			knownRegions = (
				en,
				Base,
			);
			mainGroup = CFC98AE323874DF100226A99;
			productRefGroup = CFC98AED23874DF100226A99 /* Products */;
			projectDirPath = "";
			projectRoot = "";
			targets = (
				CFC98AEB23874DF100226A99 /* Komodo */,
			);
		};
/* End PBXProject section */

/* Begin PBXSourcesBuildPhase section */
		CFC98AE823874DF100226A99 /* Sources */ = {
			isa = PBXSourcesBuildPhase;
			buildActionMask = 2147483647;
			files = (
				CFC98AF92387524000226A99 /* curl.swift in Sources */,
				CF5A5D002389CDBB004FF1AE /* wallet.swift in Sources */,
				CFC98AF723874E1900226A99 /* komodo.swift in Sources */,
				CF5A5CEE2389C21E004FF1AE /* address.swift in Sources */,
				CF5A5CF22389C6FF004FF1AE /* ccLib.swift in Sources */,
				CF5A5CF02389C33B004FF1AE /* blockchain.swift in Sources */,
				CF5A5CEC2389BD3E004FF1AE /* komodo network.swift in Sources */,
				CF5A5CFC2389CADC004FF1AE /* raw transactions.swift in Sources */,
				CF5A5CFE2389CC11004FF1AE /* util.swift in Sources */,
				CFF6D3F22389B3CD00F48927 /* configuration.swift in Sources */,
				CF5A5CF62389C8B4004FF1AE /* cross chain api.swift in Sources */,
				CF5A5CF42389C81A004FF1AE /* control.swift in Sources */,
				CF5A5CFA2389C97C004FF1AE /* mining.swift in Sources */,
				CFC98AF023874DF100226A99 /* main.swift in Sources */,
				CF5A5CF82389C8EB004FF1AE /* generate.swift in Sources */,
			);
			runOnlyForDeploymentPostprocessing = 0;
		};
/* End PBXSourcesBuildPhase section */

/* Begin XCBuildConfiguration section */
		CFC98AF123874DF100226A99 /* Debug */ = {
			isa = XCBuildConfiguration;
			buildSettings = {
				ALWAYS_SEARCH_USER_PATHS = NO;
				CLANG_ANALYZER_NONNULL = YES;
				CLANG_ANALYZER_NUMBER_OBJECT_CONVERSION = YES_AGGRESSIVE;
				CLANG_CXX_LANGUAGE_STANDARD = "gnu++14";
				CLANG_CXX_LIBRARY = "libc++";
				CLANG_ENABLE_MODULES = YES;
				CLANG_ENABLE_OBJC_ARC = YES;
				CLANG_ENABLE_OBJC_WEAK = YES;
				CLANG_WARN_BLOCK_CAPTURE_AUTORELEASING = YES;
				CLANG_WARN_BOOL_CONVERSION = YES;
				CLANG_WARN_COMMA = YES;
				CLANG_WARN_CONSTANT_CONVERSION = YES;
				CLANG_WARN_DEPRECATED_OBJC_IMPLEMENTATIONS = YES;
				CLANG_WARN_DIRECT_OBJC_ISA_USAGE = YES_ERROR;
				CLANG_WARN_DOCUMENTATION_COMMENTS = YES;
				CLANG_WARN_EMPTY_BODY = YES;
				CLANG_WARN_ENUM_CONVERSION = YES;
				CLANG_WARN_INFINITE_RECURSION = YES;
				CLANG_WARN_INT_CONVERSION = YES;
				CLANG_WARN_NON_LITERAL_NULL_CONVERSION = YES;
				CLANG_WARN_OBJC_IMPLICIT_RETAIN_SELF = YES;
				CLANG_WARN_OBJC_LITERAL_CONVERSION = YES;
				CLANG_WARN_OBJC_ROOT_CLASS = YES_ERROR;
				CLANG_WARN_RANGE_LOOP_ANALYSIS = YES;
				CLANG_WARN_STRICT_PROTOTYPES = YES;
				CLANG_WARN_SUSPICIOUS_MOVE = YES;
				CLANG_WARN_UNGUARDED_AVAILABILITY = YES_AGGRESSIVE;
				CLANG_WARN_UNREACHABLE_CODE = YES;
				CLANG_WARN__DUPLICATE_METHOD_MATCH = YES;
				COPY_PHASE_STRIP = NO;
				DEBUG_INFORMATION_FORMAT = dwarf;
				ENABLE_STRICT_OBJC_MSGSEND = YES;
				ENABLE_TESTABILITY = YES;
				GCC_C_LANGUAGE_STANDARD = gnu11;
				GCC_DYNAMIC_NO_PIC = NO;
				GCC_NO_COMMON_BLOCKS = YES;
				GCC_OPTIMIZATION_LEVEL = 0;
				GCC_PREPROCESSOR_DEFINITIONS = (
					"DEBUG=1",
					"$(inherited)",
				);
				GCC_WARN_64_TO_32_BIT_CONVERSION = YES;
				GCC_WARN_ABOUT_RETURN_TYPE = YES_ERROR;
				GCC_WARN_UNDECLARED_SELECTOR = YES;
				GCC_WARN_UNINITIALIZED_AUTOS = YES_AGGRESSIVE;
				GCC_WARN_UNUSED_FUNCTION = YES;
				GCC_WARN_UNUSED_VARIABLE = YES;
				MACOSX_DEPLOYMENT_TARGET = 10.15;
				MTL_ENABLE_DEBUG_INFO = INCLUDE_SOURCE;
				MTL_FAST_MATH = YES;
				ONLY_ACTIVE_ARCH = YES;
				SDKROOT = macosx;
				SWIFT_ACTIVE_COMPILATION_CONDITIONS = DEBUG;
				SWIFT_OPTIMIZATION_LEVEL = "-Onone";
			};
			name = Debug;
		};
		CFC98AF223874DF100226A99 /* Release */ = {
			isa = XCBuildConfiguration;
			buildSettings = {
				ALWAYS_SEARCH_USER_PATHS = NO;
				CLANG_ANALYZER_NONNULL = YES;
				CLANG_ANALYZER_NUMBER_OBJECT_CONVERSION = YES_AGGRESSIVE;
				CLANG_CXX_LANGUAGE_STANDARD = "gnu++14";
				CLANG_CXX_LIBRARY = "libc++";
				CLANG_ENABLE_MODULES = YES;
				CLANG_ENABLE_OBJC_ARC = YES;
				CLANG_ENABLE_OBJC_WEAK = YES;
				CLANG_WARN_BLOCK_CAPTURE_AUTORELEASING = YES;
				CLANG_WARN_BOOL_CONVERSION = YES;
				CLANG_WARN_COMMA = YES;
				CLANG_WARN_CONSTANT_CONVERSION = YES;
				CLANG_WARN_DEPRECATED_OBJC_IMPLEMENTATIONS = YES;
				CLANG_WARN_DIRECT_OBJC_ISA_USAGE = YES_ERROR;
				CLANG_WARN_DOCUMENTATION_COMMENTS = YES;
				CLANG_WARN_EMPTY_BODY = YES;
				CLANG_WARN_ENUM_CONVERSION = YES;
				CLANG_WARN_INFINITE_RECURSION = YES;
				CLANG_WARN_INT_CONVERSION = YES;
				CLANG_WARN_NON_LITERAL_NULL_CONVERSION = YES;
				CLANG_WARN_OBJC_IMPLICIT_RETAIN_SELF = YES;
				CLANG_WARN_OBJC_LITERAL_CONVERSION = YES;
				CLANG_WARN_OBJC_ROOT_CLASS = YES_ERROR;
				CLANG_WARN_RANGE_LOOP_ANALYSIS = YES;
				CLANG_WARN_STRICT_PROTOTYPES = YES;
				CLANG_WARN_SUSPICIOUS_MOVE = YES;
				CLANG_WARN_UNGUARDED_AVAILABILITY = YES_AGGRESSIVE;
				CLANG_WARN_UNREACHABLE_CODE = YES;
				CLANG_WARN__DUPLICATE_METHOD_MATCH = YES;
				COPY_PHASE_STRIP = NO;
				DEBUG_INFORMATION_FORMAT = "dwarf-with-dsym";
				ENABLE_NS_ASSERTIONS = NO;
				ENABLE_STRICT_OBJC_MSGSEND = YES;
				GCC_C_LANGUAGE_STANDARD = gnu11;
				GCC_NO_COMMON_BLOCKS = YES;
				GCC_WARN_64_TO_32_BIT_CONVERSION = YES;
				GCC_WARN_ABOUT_RETURN_TYPE = YES_ERROR;
				GCC_WARN_UNDECLARED_SELECTOR = YES;
				GCC_WARN_UNINITIALIZED_AUTOS = YES_AGGRESSIVE;
				GCC_WARN_UNUSED_FUNCTION = YES;
				GCC_WARN_UNUSED_VARIABLE = YES;
				MACOSX_DEPLOYMENT_TARGET = 10.15;
				MTL_ENABLE_DEBUG_INFO = NO;
				MTL_FAST_MATH = YES;
				SDKROOT = macosx;
				SWIFT_COMPILATION_MODE = wholemodule;
				SWIFT_OPTIMIZATION_LEVEL = "-O";
			};
			name = Release;
		};
		CFC98AF423874DF100226A99 /* Debug */ = {
			isa = XCBuildConfiguration;
			buildSettings = {
				CODE_SIGN_STYLE = Automatic;
				PRODUCT_NAME = "$(TARGET_NAME)";
				SWIFT_VERSION = 5.0;
			};
			name = Debug;
		};
		CFC98AF523874DF100226A99 /* Release */ = {
			isa = XCBuildConfiguration;
			buildSettings = {
				CODE_SIGN_STYLE = Automatic;
				PRODUCT_NAME = "$(TARGET_NAME)";
				SWIFT_VERSION = 5.0;
			};
			name = Release;
		};
/* End XCBuildConfiguration section */

/* Begin XCConfigurationList section */
		CFC98AE723874DF100226A99 /* Build configuration list for PBXProject "Komodo" */ = {
			isa = XCConfigurationList;
			buildConfigurations = (
				CFC98AF123874DF100226A99 /* Debug */,
				CFC98AF223874DF100226A99 /* Release */,
			);
			defaultConfigurationIsVisible = 0;
			defaultConfigurationName = Release;
		};
		CFC98AF323874DF100226A99 /* Build configuration list for PBXNativeTarget "Komodo" */ = {
			isa = XCConfigurationList;
			buildConfigurations = (
				CFC98AF423874DF100226A99 /* Debug */,
				CFC98AF523874DF100226A99 /* Release */,
			);
			defaultConfigurationIsVisible = 0;
			defaultConfigurationName = Release;
		};
/* End XCConfigurationList section */
	};
	rootObject = CFC98AE423874DF100226A99 /* Project object */;
}
